// !$*UTF8*$!
{
	archiveVersion = 1;
	classes = {
	};
	objectVersion = 46;
	objects = {

/* Begin PBXBuildFile section */
		4054B1C01D6BC6DE0090C335 /* WebService.swift in Sources */ = {isa = PBXBuildFile; fileRef = 4054B1BF1D6BC6DE0090C335 /* WebService.swift */; };
		40F2AC791D6BC1AA00DBCC56 /* EidhofNetworking.h in Headers */ = {isa = PBXBuildFile; fileRef = 40F2AC781D6BC1AA00DBCC56 /* EidhofNetworking.h */; settings = {ATTRIBUTES = (Public, ); }; };
		40F2AC801D6BC1AA00DBCC56 /* EidhofNetworking.framework in Frameworks */ = {isa = PBXBuildFile; fileRef = 40F2AC751D6BC1AA00DBCC56 /* EidhofNetworking.framework */; };
		40F2AC851D6BC1AA00DBCC56 /* EidhofNetworkingTests.swift in Sources */ = {isa = PBXBuildFile; fileRef = 40F2AC841D6BC1AA00DBCC56 /* EidhofNetworkingTests.swift */; };
		40F2AC901D6BC1C300DBCC56 /* Resource.swift in Sources */ = {isa = PBXBuildFile; fileRef = 40F2AC8F1D6BC1C300DBCC56 /* Resource.swift */; };
/* End PBXBuildFile section */

/* Begin PBXContainerItemProxy section */
		40F2AC811D6BC1AA00DBCC56 /* PBXContainerItemProxy */ = {
			isa = PBXContainerItemProxy;
			containerPortal = 40F2AC6C1D6BC1AA00DBCC56 /* Project object */;
			proxyType = 1;
			remoteGlobalIDString = 40F2AC741D6BC1AA00DBCC56;
			remoteInfo = EidhofNetworking;
		};
/* End PBXContainerItemProxy section */

/* Begin PBXFileReference section */
		4054B1BF1D6BC6DE0090C335 /* WebService.swift */ = {isa = PBXFileReference; fileEncoding = 4; lastKnownFileType = sourcecode.swift; name = WebService.swift; path = ../../Sources/WebService.swift; sourceTree = "<group>"; };
		40F2AC751D6BC1AA00DBCC56 /* EidhofNetworking.framework */ = {isa = PBXFileReference; explicitFileType = wrapper.framework; includeInIndex = 0; path = EidhofNetworking.framework; sourceTree = BUILT_PRODUCTS_DIR; };
		40F2AC781D6BC1AA00DBCC56 /* EidhofNetworking.h */ = {isa = PBXFileReference; lastKnownFileType = sourcecode.c.h; path = EidhofNetworking.h; sourceTree = "<group>"; };
		40F2AC7A1D6BC1AA00DBCC56 /* Info.plist */ = {isa = PBXFileReference; lastKnownFileType = text.plist.xml; path = Info.plist; sourceTree = "<group>"; };
		40F2AC7F1D6BC1AA00DBCC56 /* EidhofNetworkingTests.xctest */ = {isa = PBXFileReference; explicitFileType = wrapper.cfbundle; includeInIndex = 0; path = EidhofNetworkingTests.xctest; sourceTree = BUILT_PRODUCTS_DIR; };
		40F2AC841D6BC1AA00DBCC56 /* EidhofNetworkingTests.swift */ = {isa = PBXFileReference; lastKnownFileType = sourcecode.swift; path = EidhofNetworkingTests.swift; sourceTree = "<group>"; };
		40F2AC861D6BC1AA00DBCC56 /* Info.plist */ = {isa = PBXFileReference; lastKnownFileType = text.plist.xml; path = Info.plist; sourceTree = "<group>"; };
		40F2AC8F1D6BC1C300DBCC56 /* Resource.swift */ = {isa = PBXFileReference; fileEncoding = 4; lastKnownFileType = sourcecode.swift; name = Resource.swift; path = ../../Sources/Resource.swift; sourceTree = "<group>"; };
/* End PBXFileReference section */

/* Begin PBXFrameworksBuildPhase section */
		40F2AC711D6BC1AA00DBCC56 /* Frameworks */ = {
			isa = PBXFrameworksBuildPhase;
			buildActionMask = 2147483647;
			files = (
			);
			runOnlyForDeploymentPostprocessing = 0;
		};
		40F2AC7C1D6BC1AA00DBCC56 /* Frameworks */ = {
			isa = PBXFrameworksBuildPhase;
			buildActionMask = 2147483647;
			files = (
				40F2AC801D6BC1AA00DBCC56 /* EidhofNetworking.framework in Frameworks */,
			);
			runOnlyForDeploymentPostprocessing = 0;
		};
/* End PBXFrameworksBuildPhase section */

/* Begin PBXGroup section */
		40F2AC6B1D6BC1AA00DBCC56 = {
			isa = PBXGroup;
			children = (
				40F2AC771D6BC1AA00DBCC56 /* EidhofNetworking */,
				40F2AC831D6BC1AA00DBCC56 /* EidhofNetworkingTests */,
				40F2AC761D6BC1AA00DBCC56 /* Products */,
			);
			sourceTree = "<group>";
		};
		40F2AC761D6BC1AA00DBCC56 /* Products */ = {
			isa = PBXGroup;
			children = (
				40F2AC751D6BC1AA00DBCC56 /* EidhofNetworking.framework */,
				40F2AC7F1D6BC1AA00DBCC56 /* EidhofNetworkingTests.xctest */,
			);
			name = Products;
			sourceTree = "<group>";
		};
		40F2AC771D6BC1AA00DBCC56 /* EidhofNetworking */ = {
			isa = PBXGroup;
			children = (
				40F2AC7A1D6BC1AA00DBCC56 /* Info.plist */,
				40F2AC781D6BC1AA00DBCC56 /* EidhofNetworking.h */,
				40F2AC8F1D6BC1C300DBCC56 /* Resource.swift */,
				4054B1BF1D6BC6DE0090C335 /* WebService.swift */,
			);
			path = EidhofNetworking;
			sourceTree = "<group>";
		};
		40F2AC831D6BC1AA00DBCC56 /* EidhofNetworkingTests */ = {
			isa = PBXGroup;
			children = (
				40F2AC841D6BC1AA00DBCC56 /* EidhofNetworkingTests.swift */,
				40F2AC861D6BC1AA00DBCC56 /* Info.plist */,
			);
			path = EidhofNetworkingTests;
			sourceTree = "<group>";
		};
/* End PBXGroup section */

/* Begin PBXHeadersBuildPhase section */
		40F2AC721D6BC1AA00DBCC56 /* Headers */ = {
			isa = PBXHeadersBuildPhase;
			buildActionMask = 2147483647;
			files = (
				40F2AC791D6BC1AA00DBCC56 /* EidhofNetworking.h in Headers */,
			);
			runOnlyForDeploymentPostprocessing = 0;
		};
/* End PBXHeadersBuildPhase section */

/* Begin PBXNativeTarget section */
		40F2AC741D6BC1AA00DBCC56 /* EidhofNetworking */ = {
			isa = PBXNativeTarget;
			buildConfigurationList = 40F2AC891D6BC1AA00DBCC56 /* Build configuration list for PBXNativeTarget "EidhofNetworking" */;
			buildPhases = (
				40F2AC701D6BC1AA00DBCC56 /* Sources */,
				40F2AC711D6BC1AA00DBCC56 /* Frameworks */,
				40F2AC721D6BC1AA00DBCC56 /* Headers */,
				40F2AC731D6BC1AA00DBCC56 /* Resources */,
			);
			buildRules = (
			);
			dependencies = (
			);
			name = EidhofNetworking;
			productName = EidhofNetworking;
			productReference = 40F2AC751D6BC1AA00DBCC56 /* EidhofNetworking.framework */;
			productType = "com.apple.product-type.framework";
		};
		40F2AC7E1D6BC1AA00DBCC56 /* EidhofNetworkingTests */ = {
			isa = PBXNativeTarget;
			buildConfigurationList = 40F2AC8C1D6BC1AA00DBCC56 /* Build configuration list for PBXNativeTarget "EidhofNetworkingTests" */;
			buildPhases = (
				40F2AC7B1D6BC1AA00DBCC56 /* Sources */,
				40F2AC7C1D6BC1AA00DBCC56 /* Frameworks */,
				40F2AC7D1D6BC1AA00DBCC56 /* Resources */,
			);
			buildRules = (
			);
			dependencies = (
				40F2AC821D6BC1AA00DBCC56 /* PBXTargetDependency */,
			);
			name = EidhofNetworkingTests;
			productName = EidhofNetworkingTests;
			productReference = 40F2AC7F1D6BC1AA00DBCC56 /* EidhofNetworkingTests.xctest */;
			productType = "com.apple.product-type.bundle.unit-test";
		};
/* End PBXNativeTarget section */

/* Begin PBXProject section */
		40F2AC6C1D6BC1AA00DBCC56 /* Project object */ = {
			isa = PBXProject;
			attributes = {
				LastSwiftUpdateCheck = 0730;
				LastUpgradeCheck = 0730;
				ORGANIZATIONNAME = Rebounds;
				TargetAttributes = {
					40F2AC741D6BC1AA00DBCC56 = {
						CreatedOnToolsVersion = 7.3.1;
						LastSwiftMigration = 0800;
					};
					40F2AC7E1D6BC1AA00DBCC56 = {
						CreatedOnToolsVersion = 7.3.1;
					};
				};
			};
			buildConfigurationList = 40F2AC6F1D6BC1AA00DBCC56 /* Build configuration list for PBXProject "EidhofNetworking" */;
			compatibilityVersion = "Xcode 3.2";
			developmentRegion = English;
			hasScannedForEncodings = 0;
			knownRegions = (
				en,
			);
			mainGroup = 40F2AC6B1D6BC1AA00DBCC56;
			productRefGroup = 40F2AC761D6BC1AA00DBCC56 /* Products */;
			projectDirPath = "";
			projectRoot = "";
			targets = (
				40F2AC741D6BC1AA00DBCC56 /* EidhofNetworking */,
				40F2AC7E1D6BC1AA00DBCC56 /* EidhofNetworkingTests */,
			);
		};
/* End PBXProject section */

/* Begin PBXResourcesBuildPhase section */
		40F2AC731D6BC1AA00DBCC56 /* Resources */ = {
			isa = PBXResourcesBuildPhase;
			buildActionMask = 2147483647;
			files = (
			);
			runOnlyForDeploymentPostprocessing = 0;
		};
		40F2AC7D1D6BC1AA00DBCC56 /* Resources */ = {
			isa = PBXResourcesBuildPhase;
			buildActionMask = 2147483647;
			files = (
			);
			runOnlyForDeploymentPostprocessing = 0;
		};
/* End PBXResourcesBuildPhase section */

/* Begin PBXSourcesBuildPhase section */
		40F2AC701D6BC1AA00DBCC56 /* Sources */ = {
			isa = PBXSourcesBuildPhase;
			buildActionMask = 2147483647;
			files = (
				4054B1C01D6BC6DE0090C335 /* WebService.swift in Sources */,
				40F2AC901D6BC1C300DBCC56 /* Resource.swift in Sources */,
			);
			runOnlyForDeploymentPostprocessing = 0;
		};
		40F2AC7B1D6BC1AA00DBCC56 /* Sources */ = {
			isa = PBXSourcesBuildPhase;
			buildActionMask = 2147483647;
			files = (
				40F2AC851D6BC1AA00DBCC56 /* EidhofNetworkingTests.swift in Sources */,
			);
			runOnlyForDeploymentPostprocessing = 0;
		};
/* End PBXSourcesBuildPhase section */

/* Begin PBXTargetDependency section */
		40F2AC821D6BC1AA00DBCC56 /* PBXTargetDependency */ = {
			isa = PBXTargetDependency;
			target = 40F2AC741D6BC1AA00DBCC56 /* EidhofNetworking */;
			targetProxy = 40F2AC811D6BC1AA00DBCC56 /* PBXContainerItemProxy */;
		};
/* End PBXTargetDependency section */

/* Begin XCBuildConfiguration section */
		40F2AC871D6BC1AA00DBCC56 /* Debug */ = {
			isa = XCBuildConfiguration;
			buildSettings = {
				ALWAYS_SEARCH_USER_PATHS = NO;
				CLANG_ANALYZER_NONNULL = YES;
				CLANG_CXX_LANGUAGE_STANDARD = "gnu++0x";
				CLANG_CXX_LIBRARY = "libc++";
				CLANG_ENABLE_MODULES = YES;
				CLANG_ENABLE_OBJC_ARC = YES;
				CLANG_WARN_BOOL_CONVERSION = YES;
				CLANG_WARN_CONSTANT_CONVERSION = YES;
				CLANG_WARN_DIRECT_OBJC_ISA_USAGE = YES_ERROR;
				CLANG_WARN_EMPTY_BODY = YES;
				CLANG_WARN_ENUM_CONVERSION = YES;
				CLANG_WARN_INT_CONVERSION = YES;
				CLANG_WARN_OBJC_ROOT_CLASS = YES_ERROR;
				CLANG_WARN_UNREACHABLE_CODE = YES;
				CLANG_WARN__DUPLICATE_METHOD_MATCH = YES;
				"CODE_SIGN_IDENTITY[sdk=iphoneos*]" = "iPhone Developer";
				COPY_PHASE_STRIP = NO;
				CURRENT_PROJECT_VERSION = 1;
				DEBUG_INFORMATION_FORMAT = dwarf;
				ENABLE_STRICT_OBJC_MSGSEND = YES;
				ENABLE_TESTABILITY = YES;
				GCC_C_LANGUAGE_STANDARD = gnu99;
				GCC_DYNAMIC_NO_PIC = NO;
				GCC_NO_COMMON_BLOCKS = YES;
				GCC_OPTIMIZATION_LEVEL = 0;
				GCC_PREPROCESSOR_DEFINITIONS = (
					"DEBUG=1",
					"$(inherited)",
				);
				GCC_WARN_64_TO_32_BIT_CONVERSION = YES;
				GCC_WARN_ABOUT_RETURN_TYPE = YES_ERROR;
				GCC_WARN_UNDECLARED_SELECTOR = YES;
				GCC_WARN_UNINITIALIZED_AUTOS = YES_AGGRESSIVE;
				GCC_WARN_UNUSED_FUNCTION = YES;
				GCC_WARN_UNUSED_VARIABLE = YES;
				IPHONEOS_DEPLOYMENT_TARGET = 9.3;
				MTL_ENABLE_DEBUG_INFO = YES;
				ONLY_ACTIVE_ARCH = YES;
				SDKROOT = iphoneos;
				SWIFT_OPTIMIZATION_LEVEL = "-Onone";
				TARGETED_DEVICE_FAMILY = "1,2";
				VERSIONING_SYSTEM = "apple-generic";
				VERSION_INFO_PREFIX = "";
			};
			name = Debug;
		};
		40F2AC881D6BC1AA00DBCC56 /* Release */ = {
			isa = XCBuildConfiguration;
			buildSettings = {
				ALWAYS_SEARCH_USER_PATHS = NO;
				CLANG_ANALYZER_NONNULL = YES;
				CLANG_CXX_LANGUAGE_STANDARD = "gnu++0x";
				CLANG_CXX_LIBRARY = "libc++";
				CLANG_ENABLE_MODULES = YES;
				CLANG_ENABLE_OBJC_ARC = YES;
				CLANG_WARN_BOOL_CONVERSION = YES;
				CLANG_WARN_CONSTANT_CONVERSION = YES;
				CLANG_WARN_DIRECT_OBJC_ISA_USAGE = YES_ERROR;
				CLANG_WARN_EMPTY_BODY = YES;
				CLANG_WARN_ENUM_CONVERSION = YES;
				CLANG_WARN_INT_CONVERSION = YES;
				CLANG_WARN_OBJC_ROOT_CLASS = YES_ERROR;
				CLANG_WARN_UNREACHABLE_CODE = YES;
				CLANG_WARN__DUPLICATE_METHOD_MATCH = YES;
				"CODE_SIGN_IDENTITY[sdk=iphoneos*]" = "iPhone Developer";
				COPY_PHASE_STRIP = NO;
				CURRENT_PROJECT_VERSION = 1;
				DEBUG_INFORMATION_FORMAT = "dwarf-with-dsym";
				ENABLE_NS_ASSERTIONS = NO;
				ENABLE_STRICT_OBJC_MSGSEND = YES;
				GCC_C_LANGUAGE_STANDARD = gnu99;
				GCC_NO_COMMON_BLOCKS = YES;
				GCC_WARN_64_TO_32_BIT_CONVERSION = YES;
				GCC_WARN_ABOUT_RETURN_TYPE = YES_ERROR;
				GCC_WARN_UNDECLARED_SELECTOR = YES;
				GCC_WARN_UNINITIALIZED_AUTOS = YES_AGGRESSIVE;
				GCC_WARN_UNUSED_FUNCTION = YES;
				GCC_WARN_UNUSED_VARIABLE = YES;
				IPHONEOS_DEPLOYMENT_TARGET = 9.3;
				MTL_ENABLE_DEBUG_INFO = NO;
				SDKROOT = iphoneos;
				TARGETED_DEVICE_FAMILY = "1,2";
				VALIDATE_PRODUCT = YES;
				VERSIONING_SYSTEM = "apple-generic";
				VERSION_INFO_PREFIX = "";
			};
			name = Release;
		};
		40F2AC8A1D6BC1AA00DBCC56 /* Debug */ = {
			isa = XCBuildConfiguration;
			buildSettings = {
				CLANG_ENABLE_MODULES = YES;
				DEFINES_MODULE = YES;
				DYLIB_COMPATIBILITY_VERSION = 1;
				DYLIB_CURRENT_VERSION = 1;
				DYLIB_INSTALL_NAME_BASE = "@rpath";
				INFOPLIST_FILE = EidhofNetworking/Info.plist;
				INSTALL_PATH = "$(LOCAL_LIBRARY_DIR)/Frameworks";
				LD_RUNPATH_SEARCH_PATHS = "$(inherited) @executable_path/Frameworks @loader_path/Frameworks";
				PRODUCT_BUNDLE_IDENTIFIER = net.rebounds.EidhofNetworking;
				PRODUCT_NAME = "$(TARGET_NAME)";
				SKIP_INSTALL = YES;
				SWIFT_OPTIMIZATION_LEVEL = "-Onone";
				SWIFT_VERSION = 3.0;
			};
			name = Debug;
		};
		40F2AC8B1D6BC1AA00DBCC56 /* Release */ = {
			isa = XCBuildConfiguration;
			buildSettings = {
				CLANG_ENABLE_MODULES = YES;
				DEFINES_MODULE = YES;
				DYLIB_COMPATIBILITY_VERSION = 1;
				DYLIB_CURRENT_VERSION = 1;
				DYLIB_INSTALL_NAME_BASE = "@rpath";
				INFOPLIST_FILE = EidhofNetworking/Info.plist;
				INSTALL_PATH = "$(LOCAL_LIBRARY_DIR)/Frameworks";
				LD_RUNPATH_SEARCH_PATHS = "$(inherited) @executable_path/Frameworks @loader_path/Frameworks";
				PRODUCT_BUNDLE_IDENTIFIER = net.rebounds.EidhofNetworking;
				PRODUCT_NAME = "$(TARGET_NAME)";
				SKIP_INSTALL = YES;
				SWIFT_VERSION = 3.0;
			};
			name = Release;
		};
		40F2AC8D1D6BC1AA00DBCC56 /* Debug */ = {
			isa = XCBuildConfiguration;
			buildSettings = {
				INFOPLIST_FILE = EidhofNetworkingTests/Info.plist;
				LD_RUNPATH_SEARCH_PATHS = "$(inherited) @executable_path/Frameworks @loader_path/Frameworks";
				PRODUCT_BUNDLE_IDENTIFIER = net.rebounds.EidhofNetworkingTests;
				PRODUCT_NAME = "$(TARGET_NAME)";
			};
			name = Debug;
		};
		40F2AC8E1D6BC1AA00DBCC56 /* Release */ = {
			isa = XCBuildConfiguration;
			buildSettings = {
				INFOPLIST_FILE = EidhofNetworkingTests/Info.plist;
				LD_RUNPATH_SEARCH_PATHS = "$(inherited) @executable_path/Frameworks @loader_path/Frameworks";
				PRODUCT_BUNDLE_IDENTIFIER = net.rebounds.EidhofNetworkingTests;
				PRODUCT_NAME = "$(TARGET_NAME)";
			};
			name = Release;
		};
/* End XCBuildConfiguration section */

/* Begin XCConfigurationList section */
		40F2AC6F1D6BC1AA00DBCC56 /* Build configuration list for PBXProject "EidhofNetworking" */ = {
			isa = XCConfigurationList;
			buildConfigurations = (
				40F2AC871D6BC1AA00DBCC56 /* Debug */,
				40F2AC881D6BC1AA00DBCC56 /* Release */,
			);
			defaultConfigurationIsVisible = 0;
			defaultConfigurationName = Release;
		};
		40F2AC891D6BC1AA00DBCC56 /* Build configuration list for PBXNativeTarget "EidhofNetworking" */ = {
			isa = XCConfigurationList;
			buildConfigurations = (
				40F2AC8A1D6BC1AA00DBCC56 /* Debug */,
				40F2AC8B1D6BC1AA00DBCC56 /* Release */,
			);
			defaultConfigurationIsVisible = 0;
			defaultConfigurationName = Release;
		};
		40F2AC8C1D6BC1AA00DBCC56 /* Build configuration list for PBXNativeTarget "EidhofNetworkingTests" */ = {
			isa = XCConfigurationList;
			buildConfigurations = (
				40F2AC8D1D6BC1AA00DBCC56 /* Debug */,
				40F2AC8E1D6BC1AA00DBCC56 /* Release */,
			);
			defaultConfigurationIsVisible = 0;
			defaultConfigurationName = Release;
		};
/* End XCConfigurationList section */
	};
	rootObject = 40F2AC6C1D6BC1AA00DBCC56 /* Project object */;
}
